
Microsoft Visual Studio Solution File, Format Version 12.00
# Visual Studio 15
VisualStudioVersion = 15.0.28010.2003
MinimumVisualStudioVersion = 10.0.40219.1
Project("{FAE04EC0-301F-11D3-BF4B-00C04F79EFBC}") = "Ex04.Menus.Interfaces", "Ex04.Menus.Interfaces\Ex04.Menus.Interfaces.csproj", "{BD67093F-CCB7-4F0D-A3A2-E361232C8E7D}"
EndProject
Project("{FAE04EC0-301F-11D3-BF4B-00C04F79EFBC}") = "Ex04.Menus.Delegates", "Ex04.Menus.Delegates\Ex04.Menus.Delegates.csproj", "{1B6812F3-9E8D-4E7E-8C86-3B4A4DDB5F6B}"
EndProject
Project("{FAE04EC0-301F-11D3-BF4B-00C04F79EFBC}") = "Ex04.Menus.Test", "Ex04.Menus.Test\Ex04.Menus.Test.csproj", "{8760DBAB-5928-47AA-9566-DB5B38D098EE}"
EndProject
Global
	GlobalSection(SolutionConfigurationPlatforms) = preSolution
		Debug|Any CPU = Debug|Any CPU
		Release|Any CPU = Release|Any CPU
	EndGlobalSection
	GlobalSection(ProjectConfigurationPlatforms) = postSolution
		{BD67093F-CCB7-4F0D-A3A2-E361232C8E7D}.Debug|Any CPU.ActiveCfg = Debug|Any CPU
		{BD67093F-CCB7-4F0D-A3A2-E361232C8E7D}.Debug|Any CPU.Build.0 = Debug|Any CPU
		{BD67093F-CCB7-4F0D-A3A2-E361232C8E7D}.Release|Any CPU.ActiveCfg = Release|Any CPU
		{BD67093F-CCB7-4F0D-A3A2-E361232C8E7D}.Release|Any CPU.Build.0 = Release|Any CPU
		{1B6812F3-9E8D-4E7E-8C86-3B4A4DDB5F6B}.Debug|Any CPU.ActiveCfg = Debug|Any CPU
		{1B6812F3-9E8D-4E7E-8C86-3B4A4DDB5F6B}.Debug|Any CPU.Build.0 = Debug|Any CPU
		{1B6812F3-9E8D-4E7E-8C86-3B4A4DDB5F6B}.Release|Any CPU.ActiveCfg = Release|Any CPU
		{1B6812F3-9E8D-4E7E-8C86-3B4A4DDB5F6B}.Release|Any CPU.Build.0 = Release|Any CPU
		{8760DBAB-5928-47AA-9566-DB5B38D098EE}.Debug|Any CPU.ActiveCfg = Debug|Any CPU
		{8760DBAB-5928-47AA-9566-DB5B38D098EE}.Debug|Any CPU.Build.0 = Debug|Any CPU
		{8760DBAB-5928-47AA-9566-DB5B38D098EE}.Release|Any CPU.ActiveCfg = Release|Any CPU
		{8760DBAB-5928-47AA-9566-DB5B38D098EE}.Release|Any CPU.Build.0 = Release|Any CPU
	EndGlobalSection
	GlobalSection(SolutionProperties) = preSolution
		HideSolutionNode = FALSE
	EndGlobalSection
	GlobalSection(ExtensibilityGlobals) = postSolution
		SolutionGuid = {CE011323-550A-4843-A051-13DFD73530E6}
	EndGlobalSection
EndGlobal
